
Microsoft Visual Studio Solution File, Format Version 12.00
# Visual Studio 15
VisualStudioVersion = 15.0.25807.0
MinimumVisualStudioVersion = 10.0.40219.1
Project("{2150E333-8FDC-42A3-9474-1A3956D46DE8}") = "Engine", "Engine", "{DF40F085-2934-41C6-A820-9941708731C1}"
EndProject
Project("{2150E333-8FDC-42A3-9474-1A3956D46DE8}") = "Games", "Games", "{8B418303-F2FA-41FB-817C-5354BEEA7095}"
EndProject
Project("{8BC9CEB8-8B4A-11D0-8D11-00A0C91BC942}") = "Escape", "Intermediate\ProjectFiles\Escape.vcxproj", "{D6FF1FAD-874D-4843-B289-C317420A618B}"
EndProject
Project("{8BC9CEB8-8B4A-11D0-8D11-00A0C91BC942}") = "UE4", "Intermediate\ProjectFiles\UE4.vcxproj", "{4EEBA372-6E69-4A51-B1D9-458FC351A18A}"
EndProject
Project("{2150E333-8FDC-42A3-9474-1A3956D46DE8}") = "Visualizers", "Visualizers", "{63DDC280-8AD2-4540-82AE-4C5AAD5F573B}"
	ProjectSection(SolutionItems) = preProject
		..\..\..\..\Program Files\Epic Games\UE_4.21\Engine\Extras\VisualStudioDebugging\UE4.natvis = ..\..\..\..\Program Files\Epic Games\UE_4.21\Engine\Extras\VisualStudioDebugging\UE4.natvis
	EndProjectSection
EndProject
Global
	GlobalSection(SolutionConfigurationPlatforms) = preSolution
		DebugGame Editor|HTML5 = DebugGame Editor|HTML5
		DebugGame Editor|Win32 = DebugGame Editor|Win32
		DebugGame Editor|Win64 = DebugGame Editor|Win64
		DebugGame|HTML5 = DebugGame|HTML5
		DebugGame|Win32 = DebugGame|Win32
		DebugGame|Win64 = DebugGame|Win64
		Development Editor|HTML5 = Development Editor|HTML5
		Development Editor|Win32 = Development Editor|Win32
		Development Editor|Win64 = Development Editor|Win64
		Development|HTML5 = Development|HTML5
		Development|Win32 = Development|Win32
		Development|Win64 = Development|Win64
		Shipping|HTML5 = Shipping|HTML5
		Shipping|Win32 = Shipping|Win32
		Shipping|Win64 = Shipping|Win64
	EndGlobalSection
	GlobalSection(ProjectConfigurationPlatforms) = postSolution
		{D6FF1FAD-874D-4843-B289-C317420A618B}.DebugGame Editor|HTML5.ActiveCfg = Invalid|Win32
		{D6FF1FAD-874D-4843-B289-C317420A618B}.DebugGame Editor|Win32.ActiveCfg = Invalid|Win32
		{D6FF1FAD-874D-4843-B289-C317420A618B}.DebugGame Editor|Win64.ActiveCfg = DebugGame_Editor|x64
		{D6FF1FAD-874D-4843-B289-C317420A618B}.DebugGame Editor|Win64.Build.0 = DebugGame_Editor|x64
		{D6FF1FAD-874D-4843-B289-C317420A618B}.DebugGame|HTML5.ActiveCfg = HTML5_DebugGame|Win32
		{D6FF1FAD-874D-4843-B289-C317420A618B}.DebugGame|HTML5.Build.0 = HTML5_DebugGame|Win32
		{D6FF1FAD-874D-4843-B289-C317420A618B}.DebugGame|Win32.ActiveCfg = DebugGame|Win32
		{D6FF1FAD-874D-4843-B289-C317420A618B}.DebugGame|Win32.Build.0 = DebugGame|Win32
		{D6FF1FAD-874D-4843-B289-C317420A618B}.DebugGame|Win64.ActiveCfg = DebugGame|x64
		{D6FF1FAD-874D-4843-B289-C317420A618B}.DebugGame|Win64.Build.0 = DebugGame|x64
		{D6FF1FAD-874D-4843-B289-C317420A618B}.Development Editor|HTML5.ActiveCfg = Invalid|Win32
		{D6FF1FAD-874D-4843-B289-C317420A618B}.Development Editor|Win32.ActiveCfg = Invalid|Win32
		{D6FF1FAD-874D-4843-B289-C317420A618B}.Development Editor|Win64.ActiveCfg = Development_Editor|x64
		{D6FF1FAD-874D-4843-B289-C317420A618B}.Development Editor|Win64.Build.0 = Development_Editor|x64
		{D6FF1FAD-874D-4843-B289-C317420A618B}.Development|HTML5.ActiveCfg = HTML5_Development|Win32
		{D6FF1FAD-874D-4843-B289-C317420A618B}.Development|HTML5.Build.0 = HTML5_Development|Win32
		{D6FF1FAD-874D-4843-B289-C317420A618B}.Development|Win32.ActiveCfg = Development|Win32
		{D6FF1FAD-874D-4843-B289-C317420A618B}.Development|Win32.Build.0 = Development|Win32
		{D6FF1FAD-874D-4843-B289-C317420A618B}.Development|Win64.ActiveCfg = Development|x64
		{D6FF1FAD-874D-4843-B289-C317420A618B}.Development|Win64.Build.0 = Development|x64
		{D6FF1FAD-874D-4843-B289-C317420A618B}.Shipping|HTML5.ActiveCfg = HTML5_Shipping|Win32
		{D6FF1FAD-874D-4843-B289-C317420A618B}.Shipping|HTML5.Build.0 = HTML5_Shipping|Win32
		{D6FF1FAD-874D-4843-B289-C317420A618B}.Shipping|Win32.ActiveCfg = Shipping|Win32
		{D6FF1FAD-874D-4843-B289-C317420A618B}.Shipping|Win32.Build.0 = Shipping|Win32
		{D6FF1FAD-874D-4843-B289-C317420A618B}.Shipping|Win64.ActiveCfg = Shipping|x64
		{D6FF1FAD-874D-4843-B289-C317420A618B}.Shipping|Win64.Build.0 = Shipping|x64
		{4EEBA372-6E69-4A51-B1D9-458FC351A18A}.DebugGame Editor|HTML5.ActiveCfg = BuiltWithUnrealBuildTool|Win32
		{4EEBA372-6E69-4A51-B1D9-458FC351A18A}.DebugGame Editor|Win32.ActiveCfg = BuiltWithUnrealBuildTool|Win32
		{4EEBA372-6E69-4A51-B1D9-458FC351A18A}.DebugGame Editor|Win64.ActiveCfg = BuiltWithUnrealBuildTool|Win32
		{4EEBA372-6E69-4A51-B1D9-458FC351A18A}.DebugGame|HTML5.ActiveCfg = BuiltWithUnrealBuildTool|Win32
		{4EEBA372-6E69-4A51-B1D9-458FC351A18A}.DebugGame|Win32.ActiveCfg = BuiltWithUnrealBuildTool|Win32
		{4EEBA372-6E69-4A51-B1D9-458FC351A18A}.DebugGame|Win64.ActiveCfg = BuiltWithUnrealBuildTool|Win32
		{4EEBA372-6E69-4A51-B1D9-458FC351A18A}.Development Editor|HTML5.ActiveCfg = BuiltWithUnrealBuildTool|Win32
		{4EEBA372-6E69-4A51-B1D9-458FC351A18A}.Development Editor|Win32.ActiveCfg = BuiltWithUnrealBuildTool|Win32
		{4EEBA372-6E69-4A51-B1D9-458FC351A18A}.Development Editor|Win64.ActiveCfg = BuiltWithUnrealBuildTool|Win32
		{4EEBA372-6E69-4A51-B1D9-458FC351A18A}.Development|HTML5.ActiveCfg = BuiltWithUnrealBuildTool|Win32
		{4EEBA372-6E69-4A51-B1D9-458FC351A18A}.Development|Win32.ActiveCfg = BuiltWithUnrealBuildTool|Win32
		{4EEBA372-6E69-4A51-B1D9-458FC351A18A}.Development|Win64.ActiveCfg = BuiltWithUnrealBuildTool|Win32
		{4EEBA372-6E69-4A51-B1D9-458FC351A18A}.Shipping|HTML5.ActiveCfg = BuiltWithUnrealBuildTool|Win32
		{4EEBA372-6E69-4A51-B1D9-458FC351A18A}.Shipping|Win32.ActiveCfg = BuiltWithUnrealBuildTool|Win32
		{4EEBA372-6E69-4A51-B1D9-458FC351A18A}.Shipping|Win64.ActiveCfg = BuiltWithUnrealBuildTool|Win32
	EndGlobalSection
	GlobalSection(SolutionProperties) = preSolution
		HideSolutionNode = FALSE
	EndGlobalSection
	GlobalSection(NestedProjects) = preSolution
		{D6FF1FAD-874D-4843-B289-C317420A618B} = {8B418303-F2FA-41FB-817C-5354BEEA7095}
		{4EEBA372-6E69-4A51-B1D9-458FC351A18A} = {DF40F085-2934-41C6-A820-9941708731C1}
	EndGlobalSection
	GlobalSection(ExtensibilityGlobals) = postSolution
		SolutionGuid = {B010AD57-B139-4C44-B1A3-BBCCBE78ADF6}
	EndGlobalSection
EndGlobal
